{
  "name": "paws",
  "version": "1.0.0",
  "lockfileVersion": 2,
  "requires": true,
  "packages": {
    "": {
      "version": "1.0.0",
      "license": "ISC",
      "dependencies": {
        "omggif": "^1.0.10"
      },
      "devDependencies": {
        "@types/node": "^15.3.1",
        "@types/omggif": "^1.0.1",
        "typescript": "^4.2.4"
      }
    },
    "node_modules/@types/node": {
      "version": "15.3.1",
      "resolved": "https://registry.npmjs.org/@types/node/-/node-15.3.1.tgz",
      "integrity": "sha512-weaeiP4UF4XgF++3rpQhpIJWsCTS4QJw5gvBhQu6cFIxTwyxWIe3xbnrY/o2lTCQ0lsdb8YIUDUvLR4Vuz5rbw==",
      "dev": true
    },
    "node_modules/@types/omggif": {
      "version": "1.0.1",
      "resolved": "https://registry.npmjs.org/@types/omggif/-/omggif-1.0.1.tgz",
      "integrity": "sha512-pl35QihQVJu+K4DqQjLZH09RQ+pj7Hhjs5OpXPFiWJE4cm9eamuhu3aYMpUfLLL3D2UEcZzxYHYDpKAKe5xuBw==",
      "dev": true,
      "dependencies": {
        "@types/node": "*"
      }
    },
    "node_modules/omggif": {
      "version": "1.0.10",
      "resolved": "https://registry.npmjs.org/omggif/-/omggif-1.0.10.tgz",
      "integrity": "sha512-LMJTtvgc/nugXj0Vcrrs68Mn2D1r0zf630VNtqtpI1FEO7e+O9FP4gqs9AcnBaSEeoHIPm28u6qgPR0oyEpGSw=="
    },
    "node_modules/typescript": {
      "version": "4.2.4",
      "resolved": "https://registry.npmjs.org/typescript/-/typescript-4.2.4.tgz",
      "integrity": "sha512-V+evlYHZnQkaz8TRBuxTA92yZBPotr5H+WhQ7bD3hZUndx5tGOa1fuCgeSjxAzM1RiN5IzvadIXTVefuuwZCRg==",
      "dev": true,
      "bin": {
        "tsc": "bin/tsc",
        "tsserver": "bin/tsserver"
      },
      "engines": {
        "node": ">=4.2.0"
      }
    }
  },
  "dependencies": {
    "@types/node": {
      "version": "15.3.1",
      "resolved": "https://registry.npmjs.org/@types/node/-/node-15.3.1.tgz",
      "integrity": "sha512-weaeiP4UF4XgF++3rpQhpIJWsCTS4QJw5gvBhQu6cFIxTwyxWIe3xbnrY/o2lTCQ0lsdb8YIUDUvLR4Vuz5rbw==",
      "dev": true
    },
    "@types/omggif": {
      "version": "1.0.1",
      "resolved": "https://registry.npmjs.org/@types/omggif/-/omggif-1.0.1.tgz",
      "integrity": "sha512-pl35QihQVJu+K4DqQjLZH09RQ+pj7Hhjs5OpXPFiWJE4cm9eamuhu3aYMpUfLLL3D2UEcZzxYHYDpKAKe5xuBw==",
      "dev": true,
      "requires": {
        "@types/node": "*"
      }
    },
    "omggif": {
      "version": "1.0.10",
      "resolved": "https://registry.npmjs.org/omggif/-/omggif-1.0.10.tgz",
      "integrity": "sha512-LMJTtvgc/nugXj0Vcrrs68Mn2D1r0zf630VNtqtpI1FEO7e+O9FP4gqs9AcnBaSEeoHIPm28u6qgPR0oyEpGSw=="
    },
    "typescript": {
      "version": "4.2.4",
      "resolved": "https://registry.npmjs.org/typescript/-/typescript-4.2.4.tgz",
      "integrity": "sha512-V+evlYHZnQkaz8TRBuxTA92yZBPotr5H+WhQ7bD3hZUndx5tGOa1fuCgeSjxAzM1RiN5IzvadIXTVefuuwZCRg==",
      "dev": true
    }
  }
}
