{
  "name": "paws",
  "version": "1.0.0",
  "lockfileVersion": 2,
  "requires": true,
  "packages": {
    "": {
      "version": "1.0.0",
      "license": "ISC",
      "dependencies": {
        "chalk": "^4.1.1",
        "omggif": "^1.0.10",
        "rpi-led-matrix": "^1.11.1"
      },
      "devDependencies": {
        "@types/node": "^15.3.1",
        "@types/omggif": "^1.0.1",
        "typescript": "^4.2.4"
      }
    },
    "node_modules/@types/node": {
      "version": "15.3.1",
      "resolved": "https://registry.npmjs.org/@types/node/-/node-15.3.1.tgz",
      "integrity": "sha512-weaeiP4UF4XgF++3rpQhpIJWsCTS4QJw5gvBhQu6cFIxTwyxWIe3xbnrY/o2lTCQ0lsdb8YIUDUvLR4Vuz5rbw==",
      "dev": true
    },
    "node_modules/@types/omggif": {
      "version": "1.0.1",
      "resolved": "https://registry.npmjs.org/@types/omggif/-/omggif-1.0.1.tgz",
      "integrity": "sha512-pl35QihQVJu+K4DqQjLZH09RQ+pj7Hhjs5OpXPFiWJE4cm9eamuhu3aYMpUfLLL3D2UEcZzxYHYDpKAKe5xuBw==",
      "dev": true,
      "dependencies": {
        "@types/node": "*"
      }
    },
    "node_modules/ansi-styles": {
      "version": "4.3.0",
      "resolved": "https://registry.npmjs.org/ansi-styles/-/ansi-styles-4.3.0.tgz",
      "integrity": "sha512-zbB9rCJAT1rbjiVDb2hqKFHNYLxgtk8NURxZ3IZwD3F6NtxbXZQCnnSi1Lkx+IDohdPlFp222wVALIheZJQSEg==",
      "dependencies": {
        "color-convert": "^2.0.1"
      },
      "engines": {
        "node": ">=8"
      },
      "funding": {
        "url": "https://github.com/chalk/ansi-styles?sponsor=1"
      }
    },
    "node_modules/bindings": {
      "version": "1.5.0",
      "resolved": "https://registry.npmjs.org/bindings/-/bindings-1.5.0.tgz",
      "integrity": "sha512-p2q/t/mhvuOj/UeLlV6566GD/guowlr0hHxClI0W9m7MWYkL1F0hLo+0Aexs9HSPCtR1SXQ0TD3MMKrXZajbiQ==",
      "dependencies": {
        "file-uri-to-path": "1.0.0"
      }
    },
    "node_modules/chalk": {
      "version": "4.1.1",
      "resolved": "https://registry.npmjs.org/chalk/-/chalk-4.1.1.tgz",
      "integrity": "sha512-diHzdDKxcU+bAsUboHLPEDQiw0qEe0qd7SYUn3HgcFlWgbDcfLGswOHYeGrHKzG9z6UYf01d9VFMfZxPM1xZSg==",
      "dependencies": {
        "ansi-styles": "^4.1.0",
        "supports-color": "^7.1.0"
      },
      "engines": {
        "node": ">=10"
      },
      "funding": {
        "url": "https://github.com/chalk/chalk?sponsor=1"
      }
    },
    "node_modules/color-convert": {
      "version": "2.0.1",
      "resolved": "https://registry.npmjs.org/color-convert/-/color-convert-2.0.1.tgz",
      "integrity": "sha512-RRECPsj7iu/xb5oKYcsFHSppFNnsj/52OVTRKb4zP5onXwVF3zVmmToNcOfGC+CRDpfK/U584fMg38ZHCaElKQ==",
      "dependencies": {
        "color-name": "~1.1.4"
      },
      "engines": {
        "node": ">=7.0.0"
      }
    },
    "node_modules/color-name": {
      "version": "1.1.4",
      "resolved": "https://registry.npmjs.org/color-name/-/color-name-1.1.4.tgz",
      "integrity": "sha512-dOy+3AuW3a2wNbZHIuMZpTcgjGuLU/uBL/ubcZF9OXbDo8ff4O8yVp5Bf0efS8uEoYo5q4Fx7dY9OgQGXgAsQA=="
    },
    "node_modules/file-uri-to-path": {
      "version": "1.0.0",
      "resolved": "https://registry.npmjs.org/file-uri-to-path/-/file-uri-to-path-1.0.0.tgz",
      "integrity": "sha512-0Zt+s3L7Vf1biwWZ29aARiVYLx7iMGnEUl9x33fbB/j3jR81u/O2LbqK+Bm1CDSNDKVtJ/YjwY7TUd5SkeLQLw=="
    },
    "node_modules/has-flag": {
      "version": "4.0.0",
      "resolved": "https://registry.npmjs.org/has-flag/-/has-flag-4.0.0.tgz",
      "integrity": "sha512-EykJT/Q1KjTWctppgIAgfSO0tKVuZUjhgMr17kqTumMl6Afv3EISleU7qZUzoXDFTAHTDC4NOoG/ZxU3EvlMPQ==",
      "engines": {
        "node": ">=8"
      }
    },
    "node_modules/node-addon-api": {
      "version": "3.2.0",
      "resolved": "https://registry.npmjs.org/node-addon-api/-/node-addon-api-3.2.0.tgz",
      "integrity": "sha512-kcwSAWhPi4+QzAtsL2+2s/awvDo2GKLsvMCwNRxb5BUshteXU8U97NCyvQDsGKs/m0He9WcG4YWew/BnuLx++w=="
    },
    "node_modules/omggif": {
      "version": "1.0.10",
      "resolved": "https://registry.npmjs.org/omggif/-/omggif-1.0.10.tgz",
      "integrity": "sha512-LMJTtvgc/nugXj0Vcrrs68Mn2D1r0zf630VNtqtpI1FEO7e+O9FP4gqs9AcnBaSEeoHIPm28u6qgPR0oyEpGSw=="
    },
    "node_modules/rpi-led-matrix": {
      "version": "1.11.1",
      "resolved": "https://registry.npmjs.org/rpi-led-matrix/-/rpi-led-matrix-1.11.1.tgz",
      "integrity": "sha512-2JoH1z39kBzf2D48cIbh6gJxIwwlriK0KuKG4KWtfzy8PLMzV/ush9Ip/jgN5Qrm/qI6Ek/hf0lHt8HJyD0SLw==",
      "hasInstallScript": true,
      "dependencies": {
        "bindings": "^1.5.0",
        "node-addon-api": "^3.0.0"
      },
      "engines": {
        "node": ">=10.0.0"
      }
    },
    "node_modules/supports-color": {
      "version": "7.2.0",
      "resolved": "https://registry.npmjs.org/supports-color/-/supports-color-7.2.0.tgz",
      "integrity": "sha512-qpCAvRl9stuOHveKsn7HncJRvv501qIacKzQlO/+Lwxc9+0q2wLyv4Dfvt80/DPn2pqOBsJdDiogXGR9+OvwRw==",
      "dependencies": {
        "has-flag": "^4.0.0"
      },
      "engines": {
        "node": ">=8"
      }
    },
    "node_modules/typescript": {
      "version": "4.2.4",
      "resolved": "https://registry.npmjs.org/typescript/-/typescript-4.2.4.tgz",
      "integrity": "sha512-V+evlYHZnQkaz8TRBuxTA92yZBPotr5H+WhQ7bD3hZUndx5tGOa1fuCgeSjxAzM1RiN5IzvadIXTVefuuwZCRg==",
      "dev": true,
      "bin": {
        "tsc": "bin/tsc",
        "tsserver": "bin/tsserver"
      },
      "engines": {
        "node": ">=4.2.0"
      }
    }
  },
  "dependencies": {
    "@types/node": {
      "version": "15.3.1",
      "resolved": "https://registry.npmjs.org/@types/node/-/node-15.3.1.tgz",
      "integrity": "sha512-weaeiP4UF4XgF++3rpQhpIJWsCTS4QJw5gvBhQu6cFIxTwyxWIe3xbnrY/o2lTCQ0lsdb8YIUDUvLR4Vuz5rbw==",
      "dev": true
    },
    "@types/omggif": {
      "version": "1.0.1",
      "resolved": "https://registry.npmjs.org/@types/omggif/-/omggif-1.0.1.tgz",
      "integrity": "sha512-pl35QihQVJu+K4DqQjLZH09RQ+pj7Hhjs5OpXPFiWJE4cm9eamuhu3aYMpUfLLL3D2UEcZzxYHYDpKAKe5xuBw==",
      "dev": true,
      "requires": {
        "@types/node": "*"
      }
    },
    "ansi-styles": {
      "version": "4.3.0",
      "resolved": "https://registry.npmjs.org/ansi-styles/-/ansi-styles-4.3.0.tgz",
      "integrity": "sha512-zbB9rCJAT1rbjiVDb2hqKFHNYLxgtk8NURxZ3IZwD3F6NtxbXZQCnnSi1Lkx+IDohdPlFp222wVALIheZJQSEg==",
      "requires": {
        "color-convert": "^2.0.1"
      }
    },
    "bindings": {
      "version": "1.5.0",
      "resolved": "https://registry.npmjs.org/bindings/-/bindings-1.5.0.tgz",
      "integrity": "sha512-p2q/t/mhvuOj/UeLlV6566GD/guowlr0hHxClI0W9m7MWYkL1F0hLo+0Aexs9HSPCtR1SXQ0TD3MMKrXZajbiQ==",
      "requires": {
        "file-uri-to-path": "1.0.0"
      }
    },
    "chalk": {
      "version": "4.1.1",
      "resolved": "https://registry.npmjs.org/chalk/-/chalk-4.1.1.tgz",
      "integrity": "sha512-diHzdDKxcU+bAsUboHLPEDQiw0qEe0qd7SYUn3HgcFlWgbDcfLGswOHYeGrHKzG9z6UYf01d9VFMfZxPM1xZSg==",
      "requires": {
        "ansi-styles": "^4.1.0",
        "supports-color": "^7.1.0"
      }
    },
    "color-convert": {
      "version": "2.0.1",
      "resolved": "https://registry.npmjs.org/color-convert/-/color-convert-2.0.1.tgz",
      "integrity": "sha512-RRECPsj7iu/xb5oKYcsFHSppFNnsj/52OVTRKb4zP5onXwVF3zVmmToNcOfGC+CRDpfK/U584fMg38ZHCaElKQ==",
      "requires": {
        "color-name": "~1.1.4"
      }
    },
    "color-name": {
      "version": "1.1.4",
      "resolved": "https://registry.npmjs.org/color-name/-/color-name-1.1.4.tgz",
      "integrity": "sha512-dOy+3AuW3a2wNbZHIuMZpTcgjGuLU/uBL/ubcZF9OXbDo8ff4O8yVp5Bf0efS8uEoYo5q4Fx7dY9OgQGXgAsQA=="
    },
    "file-uri-to-path": {
      "version": "1.0.0",
      "resolved": "https://registry.npmjs.org/file-uri-to-path/-/file-uri-to-path-1.0.0.tgz",
      "integrity": "sha512-0Zt+s3L7Vf1biwWZ29aARiVYLx7iMGnEUl9x33fbB/j3jR81u/O2LbqK+Bm1CDSNDKVtJ/YjwY7TUd5SkeLQLw=="
    },
    "has-flag": {
      "version": "4.0.0",
      "resolved": "https://registry.npmjs.org/has-flag/-/has-flag-4.0.0.tgz",
      "integrity": "sha512-EykJT/Q1KjTWctppgIAgfSO0tKVuZUjhgMr17kqTumMl6Afv3EISleU7qZUzoXDFTAHTDC4NOoG/ZxU3EvlMPQ=="
    },
    "node-addon-api": {
      "version": "3.2.0",
      "resolved": "https://registry.npmjs.org/node-addon-api/-/node-addon-api-3.2.0.tgz",
      "integrity": "sha512-kcwSAWhPi4+QzAtsL2+2s/awvDo2GKLsvMCwNRxb5BUshteXU8U97NCyvQDsGKs/m0He9WcG4YWew/BnuLx++w=="
    },
    "omggif": {
      "version": "1.0.10",
      "resolved": "https://registry.npmjs.org/omggif/-/omggif-1.0.10.tgz",
      "integrity": "sha512-LMJTtvgc/nugXj0Vcrrs68Mn2D1r0zf630VNtqtpI1FEO7e+O9FP4gqs9AcnBaSEeoHIPm28u6qgPR0oyEpGSw=="
    },
    "rpi-led-matrix": {
      "version": "1.11.1",
      "resolved": "https://registry.npmjs.org/rpi-led-matrix/-/rpi-led-matrix-1.11.1.tgz",
      "integrity": "sha512-2JoH1z39kBzf2D48cIbh6gJxIwwlriK0KuKG4KWtfzy8PLMzV/ush9Ip/jgN5Qrm/qI6Ek/hf0lHt8HJyD0SLw==",
      "requires": {
        "bindings": "^1.5.0",
        "node-addon-api": "^3.0.0"
      }
    },
    "supports-color": {
      "version": "7.2.0",
      "resolved": "https://registry.npmjs.org/supports-color/-/supports-color-7.2.0.tgz",
      "integrity": "sha512-qpCAvRl9stuOHveKsn7HncJRvv501qIacKzQlO/+Lwxc9+0q2wLyv4Dfvt80/DPn2pqOBsJdDiogXGR9+OvwRw==",
      "requires": {
        "has-flag": "^4.0.0"
      }
    },
    "typescript": {
      "version": "4.2.4",
      "resolved": "https://registry.npmjs.org/typescript/-/typescript-4.2.4.tgz",
      "integrity": "sha512-V+evlYHZnQkaz8TRBuxTA92yZBPotr5H+WhQ7bD3hZUndx5tGOa1fuCgeSjxAzM1RiN5IzvadIXTVefuuwZCRg==",
      "dev": true
    }
  }
}
